
Microsoft Visual Studio Solution File, Format Version 12.00
# Visual Studio Version 16
VisualStudioVersion = 16.0.31911.196
MinimumVisualStudioVersion = 10.0.40219.1
Project("{FAE04EC0-301F-11D3-BF4B-00C04F79EFBC}") = "es.fotos.distribucion", "es.fotos.distribucion\es.fotos.distribucion.csproj", "{C23CD1F2-AC0D-490F-90F8-1445CE07B55B}"
EndProject
Global
	GlobalSection(SolutionConfigurationPlatforms) = preSolution
		Debug|Any CPU = Debug|Any CPU
		Release|Any CPU = Release|Any CPU
	EndGlobalSection
	GlobalSection(ProjectConfigurationPlatforms) = postSolution
		{C23CD1F2-AC0D-490F-90F8-1445CE07B55B}.Debug|Any CPU.ActiveCfg = Debug|Any CPU
		{C23CD1F2-AC0D-490F-90F8-1445CE07B55B}.Debug|Any CPU.Build.0 = Debug|Any CPU
		{C23CD1F2-AC0D-490F-90F8-1445CE07B55B}.Release|Any CPU.ActiveCfg = Release|Any CPU
		{C23CD1F2-AC0D-490F-90F8-1445CE07B55B}.Release|Any CPU.Build.0 = Release|Any CPU
	EndGlobalSection
	GlobalSection(SolutionProperties) = preSolution
		HideSolutionNode = FALSE
	EndGlobalSection
	GlobalSection(ExtensibilityGlobals) = postSolution
		SolutionGuid = {2F5ABF8D-A1BA-40F8-8955-762F23625C0F}
	EndGlobalSection
EndGlobal
